
Microsoft Visual Studio Solution File, Format Version 12.00
Project("{FAE04EC0-301F-11D3-BF4B-00C04F79EFBC}") = "Spottr.Domain", "Spottr.Domain\Spottr.Domain.csproj", "{A46C3E5C-F336-4851-AF5C-A5A64E3853D0}"
EndProject
Project("{FAE04EC0-301F-11D3-BF4B-00C04F79EFBC}") = "Spottr.Domain.UnitTests", "Spottr.Domain.UnitTests\Spottr.Domain.UnitTests.csproj", "{2A685C69-A2DC-4461-94D8-3AA292ADF504}"
EndProject
Project("{2150E333-8FDC-42A3-9474-1A3956D46DE8}") = "UserManagement", "UserManagement", "{0012D6D6-CCC2-ED9A-46C8-97FF9047ADF6}"
EndProject
Project("{FAE04EC0-301F-11D3-BF4B-00C04F79EFBC}") = "UserManagement.Domain", "UserManagement\UserManagement.Domain\UserManagement.Domain.csproj", "{DF9ACCA1-E4F4-4BA6-BA73-0BA6898486DC}"
EndProject
Project("{2150E333-8FDC-42A3-9474-1A3956D46DE8}") = "SessionReservation", "SessionReservation", "{441740C9-BEB6-1D1F-3F07-7F6986ABE851}"
EndProject
Project("{2150E333-8FDC-42A3-9474-1A3956D46DE8}") = "src", "src", "{A3DF1496-F116-2883-1DAF-262D98C8DC87}"
EndProject
Project("{FAE04EC0-301F-11D3-BF4B-00C04F79EFBC}") = "SessionReservation.Domain", "SessionReservation\src\SessionReservation.Domain\SessionReservation.Domain.csproj", "{28E4E83D-8FEB-4456-8305-0291F3D04094}"
EndProject
Project("{2150E333-8FDC-42A3-9474-1A3956D46DE8}") = "test", "test", "{E952FB37-E5D4-12A7-B0BA-868D009AAEDE}"
EndProject
Project("{FAE04EC0-301F-11D3-BF4B-00C04F79EFBC}") = "SessionReservation.Domain.UnitTests", "SessionReservation\test\SessionReservation.Domain.UnitTests\SessionReservation.Domain.UnitTests.csproj", "{A4DE7CA4-8715-4FF2-A2D0-05B0DFFBE195}"
EndProject
Project("{2150E333-8FDC-42A3-9474-1A3956D46DE8}") = "GymManagement", "GymManagement", "{FF3B4301-8823-14F1-A4E5-1BAECB636534}"
EndProject
Project("{2150E333-8FDC-42A3-9474-1A3956D46DE8}") = "src", "src", "{D251B829-B024-E5BD-4C83-14FD3BA4E661}"
EndProject
Project("{FAE04EC0-301F-11D3-BF4B-00C04F79EFBC}") = "GymManagement.Domain", "GymManagement\src\GymManagement.Domain\GymManagement.Domain.csproj", "{6BF51C8E-0DF9-4BFA-80C6-B3CEFD7B5FD4}"
EndProject
Project("{2150E333-8FDC-42A3-9474-1A3956D46DE8}") = "test", "test", "{86D41AFD-7A94-12D2-3E1D-C1D219579ED2}"
EndProject
Project("{FAE04EC0-301F-11D3-BF4B-00C04F79EFBC}") = "GymManagement.Domain.UnitTests", "GymManagement\test\GymManagement.Domain.UnitTests\GymManagement.Domain.UnitTests.csproj", "{46585326-575A-42F3-988A-EDD613DA80E4}"
EndProject
Global
	GlobalSection(SolutionConfigurationPlatforms) = preSolution
		Debug|Any CPU = Debug|Any CPU
		Debug|x64 = Debug|x64
		Debug|x86 = Debug|x86
		Release|Any CPU = Release|Any CPU
		Release|x64 = Release|x64
		Release|x86 = Release|x86
	EndGlobalSection
	GlobalSection(ProjectConfigurationPlatforms) = postSolution
		{A46C3E5C-F336-4851-AF5C-A5A64E3853D0}.Debug|Any CPU.ActiveCfg = Debug|Any CPU
		{A46C3E5C-F336-4851-AF5C-A5A64E3853D0}.Debug|Any CPU.Build.0 = Debug|Any CPU
		{A46C3E5C-F336-4851-AF5C-A5A64E3853D0}.Debug|x64.ActiveCfg = Debug|Any CPU
		{A46C3E5C-F336-4851-AF5C-A5A64E3853D0}.Debug|x64.Build.0 = Debug|Any CPU
		{A46C3E5C-F336-4851-AF5C-A5A64E3853D0}.Debug|x86.ActiveCfg = Debug|Any CPU
		{A46C3E5C-F336-4851-AF5C-A5A64E3853D0}.Debug|x86.Build.0 = Debug|Any CPU
		{A46C3E5C-F336-4851-AF5C-A5A64E3853D0}.Release|Any CPU.ActiveCfg = Release|Any CPU
		{A46C3E5C-F336-4851-AF5C-A5A64E3853D0}.Release|Any CPU.Build.0 = Release|Any CPU
		{A46C3E5C-F336-4851-AF5C-A5A64E3853D0}.Release|x64.ActiveCfg = Release|Any CPU
		{A46C3E5C-F336-4851-AF5C-A5A64E3853D0}.Release|x64.Build.0 = Release|Any CPU
		{A46C3E5C-F336-4851-AF5C-A5A64E3853D0}.Release|x86.ActiveCfg = Release|Any CPU
		{A46C3E5C-F336-4851-AF5C-A5A64E3853D0}.Release|x86.Build.0 = Release|Any CPU
		{2A685C69-A2DC-4461-94D8-3AA292ADF504}.Debug|Any CPU.ActiveCfg = Debug|Any CPU
		{2A685C69-A2DC-4461-94D8-3AA292ADF504}.Debug|Any CPU.Build.0 = Debug|Any CPU
		{2A685C69-A2DC-4461-94D8-3AA292ADF504}.Debug|x64.ActiveCfg = Debug|Any CPU
		{2A685C69-A2DC-4461-94D8-3AA292ADF504}.Debug|x64.Build.0 = Debug|Any CPU
		{2A685C69-A2DC-4461-94D8-3AA292ADF504}.Debug|x86.ActiveCfg = Debug|Any CPU
		{2A685C69-A2DC-4461-94D8-3AA292ADF504}.Debug|x86.Build.0 = Debug|Any CPU
		{2A685C69-A2DC-4461-94D8-3AA292ADF504}.Release|Any CPU.ActiveCfg = Release|Any CPU
		{2A685C69-A2DC-4461-94D8-3AA292ADF504}.Release|Any CPU.Build.0 = Release|Any CPU
		{2A685C69-A2DC-4461-94D8-3AA292ADF504}.Release|x64.ActiveCfg = Release|Any CPU
		{2A685C69-A2DC-4461-94D8-3AA292ADF504}.Release|x64.Build.0 = Release|Any CPU
		{2A685C69-A2DC-4461-94D8-3AA292ADF504}.Release|x86.ActiveCfg = Release|Any CPU
		{2A685C69-A2DC-4461-94D8-3AA292ADF504}.Release|x86.Build.0 = Release|Any CPU
		{DF9ACCA1-E4F4-4BA6-BA73-0BA6898486DC}.Debug|Any CPU.ActiveCfg = Debug|Any CPU
		{DF9ACCA1-E4F4-4BA6-BA73-0BA6898486DC}.Debug|Any CPU.Build.0 = Debug|Any CPU
		{DF9ACCA1-E4F4-4BA6-BA73-0BA6898486DC}.Debug|x64.ActiveCfg = Debug|Any CPU
		{DF9ACCA1-E4F4-4BA6-BA73-0BA6898486DC}.Debug|x64.Build.0 = Debug|Any CPU
		{DF9ACCA1-E4F4-4BA6-BA73-0BA6898486DC}.Debug|x86.ActiveCfg = Debug|Any CPU
		{DF9ACCA1-E4F4-4BA6-BA73-0BA6898486DC}.Debug|x86.Build.0 = Debug|Any CPU
		{DF9ACCA1-E4F4-4BA6-BA73-0BA6898486DC}.Release|Any CPU.ActiveCfg = Release|Any CPU
		{DF9ACCA1-E4F4-4BA6-BA73-0BA6898486DC}.Release|Any CPU.Build.0 = Release|Any CPU
		{DF9ACCA1-E4F4-4BA6-BA73-0BA6898486DC}.Release|x64.ActiveCfg = Release|Any CPU
		{DF9ACCA1-E4F4-4BA6-BA73-0BA6898486DC}.Release|x64.Build.0 = Release|Any CPU
		{DF9ACCA1-E4F4-4BA6-BA73-0BA6898486DC}.Release|x86.ActiveCfg = Release|Any CPU
		{DF9ACCA1-E4F4-4BA6-BA73-0BA6898486DC}.Release|x86.Build.0 = Release|Any CPU
		{28E4E83D-8FEB-4456-8305-0291F3D04094}.Debug|Any CPU.ActiveCfg = Debug|Any CPU
		{28E4E83D-8FEB-4456-8305-0291F3D04094}.Debug|Any CPU.Build.0 = Debug|Any CPU
		{28E4E83D-8FEB-4456-8305-0291F3D04094}.Debug|x64.ActiveCfg = Debug|Any CPU
		{28E4E83D-8FEB-4456-8305-0291F3D04094}.Debug|x64.Build.0 = Debug|Any CPU
		{28E4E83D-8FEB-4456-8305-0291F3D04094}.Debug|x86.ActiveCfg = Debug|Any CPU
		{28E4E83D-8FEB-4456-8305-0291F3D04094}.Debug|x86.Build.0 = Debug|Any CPU
		{28E4E83D-8FEB-4456-8305-0291F3D04094}.Release|Any CPU.ActiveCfg = Release|Any CPU
		{28E4E83D-8FEB-4456-8305-0291F3D04094}.Release|Any CPU.Build.0 = Release|Any CPU
		{28E4E83D-8FEB-4456-8305-0291F3D04094}.Release|x64.ActiveCfg = Release|Any CPU
		{28E4E83D-8FEB-4456-8305-0291F3D04094}.Release|x64.Build.0 = Release|Any CPU
		{28E4E83D-8FEB-4456-8305-0291F3D04094}.Release|x86.ActiveCfg = Release|Any CPU
		{28E4E83D-8FEB-4456-8305-0291F3D04094}.Release|x86.Build.0 = Release|Any CPU
		{A4DE7CA4-8715-4FF2-A2D0-05B0DFFBE195}.Debug|Any CPU.ActiveCfg = Debug|Any CPU
		{A4DE7CA4-8715-4FF2-A2D0-05B0DFFBE195}.Debug|Any CPU.Build.0 = Debug|Any CPU
		{A4DE7CA4-8715-4FF2-A2D0-05B0DFFBE195}.Debug|x64.ActiveCfg = Debug|Any CPU
		{A4DE7CA4-8715-4FF2-A2D0-05B0DFFBE195}.Debug|x64.Build.0 = Debug|Any CPU
		{A4DE7CA4-8715-4FF2-A2D0-05B0DFFBE195}.Debug|x86.ActiveCfg = Debug|Any CPU
		{A4DE7CA4-8715-4FF2-A2D0-05B0DFFBE195}.Debug|x86.Build.0 = Debug|Any CPU
		{A4DE7CA4-8715-4FF2-A2D0-05B0DFFBE195}.Release|Any CPU.ActiveCfg = Release|Any CPU
		{A4DE7CA4-8715-4FF2-A2D0-05B0DFFBE195}.Release|Any CPU.Build.0 = Release|Any CPU
		{A4DE7CA4-8715-4FF2-A2D0-05B0DFFBE195}.Release|x64.ActiveCfg = Release|Any CPU
		{A4DE7CA4-8715-4FF2-A2D0-05B0DFFBE195}.Release|x64.Build.0 = Release|Any CPU
		{A4DE7CA4-8715-4FF2-A2D0-05B0DFFBE195}.Release|x86.ActiveCfg = Release|Any CPU
		{A4DE7CA4-8715-4FF2-A2D0-05B0DFFBE195}.Release|x86.Build.0 = Release|Any CPU
		{6BF51C8E-0DF9-4BFA-80C6-B3CEFD7B5FD4}.Debug|Any CPU.ActiveCfg = Debug|Any CPU
		{6BF51C8E-0DF9-4BFA-80C6-B3CEFD7B5FD4}.Debug|Any CPU.Build.0 = Debug|Any CPU
		{6BF51C8E-0DF9-4BFA-80C6-B3CEFD7B5FD4}.Debug|x64.ActiveCfg = Debug|Any CPU
		{6BF51C8E-0DF9-4BFA-80C6-B3CEFD7B5FD4}.Debug|x64.Build.0 = Debug|Any CPU
		{6BF51C8E-0DF9-4BFA-80C6-B3CEFD7B5FD4}.Debug|x86.ActiveCfg = Debug|Any CPU
		{6BF51C8E-0DF9-4BFA-80C6-B3CEFD7B5FD4}.Debug|x86.Build.0 = Debug|Any CPU
		{6BF51C8E-0DF9-4BFA-80C6-B3CEFD7B5FD4}.Release|Any CPU.ActiveCfg = Release|Any CPU
		{6BF51C8E-0DF9-4BFA-80C6-B3CEFD7B5FD4}.Release|Any CPU.Build.0 = Release|Any CPU
		{6BF51C8E-0DF9-4BFA-80C6-B3CEFD7B5FD4}.Release|x64.ActiveCfg = Release|Any CPU
		{6BF51C8E-0DF9-4BFA-80C6-B3CEFD7B5FD4}.Release|x64.Build.0 = Release|Any CPU
		{6BF51C8E-0DF9-4BFA-80C6-B3CEFD7B5FD4}.Release|x86.ActiveCfg = Release|Any CPU
		{6BF51C8E-0DF9-4BFA-80C6-B3CEFD7B5FD4}.Release|x86.Build.0 = Release|Any CPU
		{46585326-575A-42F3-988A-EDD613DA80E4}.Debug|Any CPU.ActiveCfg = Debug|Any CPU
		{46585326-575A-42F3-988A-EDD613DA80E4}.Debug|Any CPU.Build.0 = Debug|Any CPU
		{46585326-575A-42F3-988A-EDD613DA80E4}.Debug|x64.ActiveCfg = Debug|Any CPU
		{46585326-575A-42F3-988A-EDD613DA80E4}.Debug|x64.Build.0 = Debug|Any CPU
		{46585326-575A-42F3-988A-EDD613DA80E4}.Debug|x86.ActiveCfg = Debug|Any CPU
		{46585326-575A-42F3-988A-EDD613DA80E4}.Debug|x86.Build.0 = Debug|Any CPU
		{46585326-575A-42F3-988A-EDD613DA80E4}.Release|Any CPU.ActiveCfg = Release|Any CPU
		{46585326-575A-42F3-988A-EDD613DA80E4}.Release|Any CPU.Build.0 = Release|Any CPU
		{46585326-575A-42F3-988A-EDD613DA80E4}.Release|x64.ActiveCfg = Release|Any CPU
		{46585326-575A-42F3-988A-EDD613DA80E4}.Release|x64.Build.0 = Release|Any CPU
		{46585326-575A-42F3-988A-EDD613DA80E4}.Release|x86.ActiveCfg = Release|Any CPU
		{46585326-575A-42F3-988A-EDD613DA80E4}.Release|x86.Build.0 = Release|Any CPU
	EndGlobalSection
	GlobalSection(SolutionProperties) = preSolution
		HideSolutionNode = FALSE
	EndGlobalSection
	GlobalSection(NestedProjects) = preSolution
		{DF9ACCA1-E4F4-4BA6-BA73-0BA6898486DC} = {0012D6D6-CCC2-ED9A-46C8-97FF9047ADF6}
		{A3DF1496-F116-2883-1DAF-262D98C8DC87} = {441740C9-BEB6-1D1F-3F07-7F6986ABE851}
		{28E4E83D-8FEB-4456-8305-0291F3D04094} = {A3DF1496-F116-2883-1DAF-262D98C8DC87}
		{E952FB37-E5D4-12A7-B0BA-868D009AAEDE} = {441740C9-BEB6-1D1F-3F07-7F6986ABE851}
		{A4DE7CA4-8715-4FF2-A2D0-05B0DFFBE195} = {E952FB37-E5D4-12A7-B0BA-868D009AAEDE}
		{D251B829-B024-E5BD-4C83-14FD3BA4E661} = {FF3B4301-8823-14F1-A4E5-1BAECB636534}
		{6BF51C8E-0DF9-4BFA-80C6-B3CEFD7B5FD4} = {D251B829-B024-E5BD-4C83-14FD3BA4E661}
		{86D41AFD-7A94-12D2-3E1D-C1D219579ED2} = {FF3B4301-8823-14F1-A4E5-1BAECB636534}
		{46585326-575A-42F3-988A-EDD613DA80E4} = {86D41AFD-7A94-12D2-3E1D-C1D219579ED2}
	EndGlobalSection
EndGlobal
